<?xml version="1.0" encoding="utf-8"?>
<Project ToolsVersion="4.0" xmlns="http://schemas.microsoft.com/developer/msbuild/2003">
  <ItemGroup>
    <FxCompile Include="Src\Shader\PostEffect\Monotone.hlsl" />
    <FxCompile Include="Src\Shader\PostEffect\Tutorial.hlsl" />
  </ItemGroup>
  <ItemGroup>
    <ClCompile Include="Src\Object\Actor\Charactor\GameObject\Bomb.cpp" />
    <ClCompile Include="Src\Object\Actor\Charactor\GameObject\Object.cpp" />
    <ClCompile Include="Src\Object\Actor\Charactor\GameObject\PressButton.cpp" />
    <ClCompile Include="Src\Object\Actor\Charactor\GameObject\Gaer.cpp" />
    <ClCompile Include="Src\Renderer\PixelRenderer.cpp" />
    <ClCompile Include="Src\Renderer\PixelMaterial.cpp" />
    <ClCompile Include="Src\Renderer\ModelRenderer.cpp" />
    <ClCompile Include="Src\Renderer\ModelMaterial.cpp" />
    <ClCompile Include="Src\Manager\EffekseerEffect.cpp" />
    <ClCompile Include="Src\Object\LightPillar.cpp" />
    <ClCompile Include="Src\Audio\AudioManager.cpp" />
    <ClCompile Include="Src\Loading\Loading.cpp" />
    <ClCompile Include="Src\Object\Actor\Charactor\GameObject\Button.cpp" />
    <ClCompile Include="Src\Object\Actor\Charactor\GameObject\ObjectBase.cpp" />
    <ClCompile Include="Src\Scene\GameClearScene.cpp" />
    <ClCompile Include="Src\Object\Actor\Stage\AnswerStage.cpp" />
    <ClCompile Include="Src\Object\Actor\Charactor\GameObject\Rock.cpp" />
    <ClCompile Include="Src\Object\Collider\ColliderSphere.cpp" />
    <ClCompile Include="Src\Object\Collider\ColliderCapsule.cpp" />
    <ClCompile Include="Src\Object\Collider\ColliderModel.cpp" />
    <ClCompile Include="Src\Object\Collider\ColliderLine.cpp" />
    <ClCompile Include="Src\Object\Collider\ColliderBase.cpp" />
    <ClCompile Include="Src\Object\Actor\Charactor\Player.cpp" />
    <ClCompile Include="Src\Object\Actor\Charactor\CharactorBase.cpp" />
    <ClCompile Include="Src\Object\Actor\SkyDome.cpp" />
    <ClCompile Include="Src\Common\FpsController.cpp" />
    <ClCompile Include="Src\Object\Actor\ActorBase.cpp" />
    <ClCompile Include="Src\Application.cpp" />
    <ClCompile Include="Src\Common\Fader.cpp" />
    <ClCompile Include="Src\Common\Quaternion.cpp" />
    <ClCompile Include="Src\Common\Vector2.cpp" />
    <ClCompile Include="Src\main.cpp" />
    <ClCompile Include="Src\Manager\Camera.cpp" />
    <ClCompile Include="Src\Manager\InputManager.cpp" />
    <ClCompile Include="Src\Manager\Resource.cpp" />
    <ClCompile Include="Src\Manager\ResourceManager.cpp" />
    <ClCompile Include="Src\Manager\SceneManager.cpp" />
    <ClCompile Include="Src\Object\Common\AnimationController.cpp" />
    <ClCompile Include="Src\Object\Common\Transform.cpp" />
    <ClCompile Include="Src\Scene\DebugScene.cpp" />
    <ClCompile Include="Src\Scene\GameOverScene.cpp" />
    <ClCompile Include="Src\Scene\GameScene.cpp" />
    <ClCompile Include="Src\Scene\GameTitleScene.cpp" />
    <ClCompile Include="Src\Scene\PauseScene.cpp" />
    <ClCompile Include="Src\Scene\SceneBase.cpp" />
    <ClCompile Include="Src\Scene\TitleScene.cpp" />
    <ClCompile Include="Src\Audio\SoundTable.cpp" />
    <ClCompile Include="Src\Utility\AsoUtility.cpp" />
    <ClCompile Include="Src\Utility\MatrixUtility.cpp" />
    <ClCompile Include="Src\Object\Actor\Stage\Stage.cpp" />
    <ClCompile Include="Src\Object\Actor\Stage\StageBase.cpp" />
    <ClCompile Include="Src\Manager\StageManager.cpp" />
    <ClCompile Include="Src\Object\Actor\Wall.cpp" />
    <ClCompile Include="Src\Scene\TutorialScene.cpp" />
    <ClCompile Include="Src\UI\Tutorial.cpp" />
    <ClCompile Include="Src\Object\Actor\Charactor\GameObject\Gate.cpp" />
  </ItemGroup>
  <ItemGroup>
    <ClInclude Include="Src\Object\Actor\Charactor\GameObject\Bomb.h" />
    <ClInclude Include="Src\Object\Actor\Charactor\GameObject\Object.h" />
    <ClInclude Include="Src\Object\Actor\Charactor\GameObject\PressButton.h" />
    <ClInclude Include="Src\Object\Actor\Charactor\GameObject\Gaer.h" />
    <ClInclude Include="Src\Renderer\PixelRenderer.h" />
    <ClInclude Include="Src\Renderer\PixelMaterial.h" />
    <ClInclude Include="Src\Renderer\ModelRenderer.h" />
    <ClInclude Include="Src\Renderer\ModelMaterial.h" />
    <ClInclude Include="Src\Manager\EffekseerEffect.h" />
    <ClInclude Include="Src\Object\LightPillar.h" />
    <ClInclude Include="Src\Audio\AudioManager.h" />
    <ClInclude Include="Src\Loading\Loading.h" />
    <ClInclude Include="Src\Object\Actor\Charactor\GameObject\Button.h" />
    <ClInclude Include="Src\Object\Actor\Charactor\GameObject\ObjectBase.h" />
    <ClInclude Include="Src\Scene\GameClearScene.h" />
    <ClInclude Include="Src\Object\Actor\Stage\AnswerStage.h" />
    <ClInclude Include="Src\Object\Actor\Charactor\GameObject\Rock.h" />
    <ClInclude Include="Src\Object\Collider\ColliderSphere.h" />
    <ClInclude Include="Src\Object\Collider\ColliderCapsule.h" />
    <ClInclude Include="Src\Object\Collider\ColliderModel.h" />
    <ClInclude Include="Src\Object\Collider\ColliderLine.h" />
    <ClInclude Include="Src\Object\Collider\ColliderBase.h" />
    <ClInclude Include="Src\Object\Actor\Charactor\Player.h" />
    <ClInclude Include="Src\Object\Actor\Charactor\CharactorBase.h" />
    <ClInclude Include="Src\Object\Actor\SkyDome.h" />
    <ClInclude Include="Src\Common\FpsController.h" />
    <ClInclude Include="Src\Object\Actor\ActorBase.h" />
    <ClInclude Include="Src\Application.h" />
    <ClInclude Include="Src\Common\Fader.h" />
    <ClInclude Include="Src\Common\Quaternion.h" />
    <ClInclude Include="Src\Common\Vector2.h" />
    <ClInclude Include="Src\main.h" />
    <ClInclude Include="Src\Manager\Camera.h" />
    <ClInclude Include="Src\Manager\InputManager.h" />
    <ClInclude Include="Src\Manager\Resource.h" />
    <ClInclude Include="Src\Manager\ResourceManager.h" />
    <ClInclude Include="Src\Manager\SceneManager.h" />
    <ClInclude Include="Src\Object\Common\AnimationController.h" />
    <ClInclude Include="Src\Object\Common\Transform.h" />
    <ClInclude Include="Src\Scene\DebugScene.h" />
    <ClInclude Include="Src\Scene\GameOverScene.h" />
    <ClInclude Include="Src\Scene\GameScene.h" />
    <ClInclude Include="Src\Scene\GameTitleScene.h" />
    <ClInclude Include="Src\Scene\PauseScene.h" />
    <ClInclude Include="Src\Scene\SceneBase.h" />
    <ClInclude Include="Src\Scene\TitleScene.h" />
    <ClInclude Include="Src\Audio\SoundTable.h" />
    <ClInclude Include="Src\Utility\AsoUtility.h" />
    <ClInclude Include="Src\Utility\MatrixUtility.h" />
    <ClInclude Include="Src\Object\Actor\Stage\Stage.h" />
    <ClInclude Include="Src\Object\Actor\Stage\StageBase.h" />
    <ClInclude Include="Src\Manager\StageManager.h" />
    <ClInclude Include="Src\Object\Actor\Wall.h" />
    <ClInclude Include="Src\Scene\TutorialScene.h" />
    <ClInclude Include="Src\UI\Tutorial.h" />
    <ClInclude Include="Src\Object\Actor\Charactor\GameObject\Gate.h" />
  </ItemGroup>
  <ItemGroup>
    <None Include="Data\Shader\Monotone.cso" />
    <None Include="Src\Shader\Common\Pixel\PixelShader2DHeader.hlsli" />
    <None Include="Src\Shader\Common\Pixel\PixelShader3DHeader.hlsli" />
    <None Include="Src\Shader\Common\VertexToPixelHeader.hlsli" />
    <None Include="Src\Shader\Common\Vertex\CommonShader3DHeader.hlsli" />
    <None Include="Src\Shader\Common\Vertex\VertexInput.hlsli" />
    <None Include="Src\Shader\Common\Vertex\VertexInputType.hlsli" />
    <None Include="Src\Shader\Common\Vertex\VertexShader3DHeader.hlsli" />
  </ItemGroup>
</Project>